{
  "name": "telcoinwiki",
  "version": "1.0.0",
  "lockfileVersion": 3,
  "requires": true,
  "packages": {
    "": {
      "name": "telcoinwiki",
      "version": "1.0.0",
      "devDependencies": {
        "csso": "^5.0.5",
        "csso-cli": "^5.0.0",
        "eslint": "^8.57.0",
        "html-validate": "^9.5.5",
        "linkinator": "^4.1.0",
        "prettier": "^3.3.2",
        "sharp": "^0.33.2",
        "terser": "^5.27.0"
      },
      "engines": {
        "node": ">=20 <21"
      }
    },
    "node_modules/csso": {
      "version": "5.0.5",
      "dev": true
    },
    "node_modules/csso-cli": {
      "version": "5.0.0",
      "dev": true
    },
    "node_modules/eslint": {
      "version": "8.57.0",
      "dev": true
    },
    "node_modules/html-validate": {
      "version": "9.5.5",
      "dev": true
    },
    "node_modules/linkinator": {
      "version": "4.1.0",
      "dev": true
    },
    "node_modules/prettier": {
      "version": "3.3.2",
      "dev": true
    },
    "node_modules/sharp": {
      "version": "0.33.2",
      "dev": true
    },
    "node_modules/terser": {
      "version": "5.27.0",
      "dev": true
    }
  }
}
